// !$*UTF8*$!
{
	archiveVersion = 1;
	classes = {
	};
	objectVersion = 55;
	objects = {

/* Begin PBXBuildFile section */
		37C04A8B1EA7594B52ED0EE9 /* Pods_test_42raceTests.framework in Frameworks */ = {isa = PBXBuildFile; fileRef = 4F4A81FFE6815EDFBDBEB861 /* Pods_test_42raceTests.framework */; };
		66AF3C9F20FBC0D98254F9BB /* Pods_test_42race_test_42raceUITests.framework in Frameworks */ = {isa = PBXBuildFile; fileRef = DDA802AF247FDD326B84CD55 /* Pods_test_42race_test_42raceUITests.framework */; };
		E81305E427E1E08B00E514FA /* AppDelegate.swift in Sources */ = {isa = PBXBuildFile; fileRef = E81305E327E1E08B00E514FA /* AppDelegate.swift */; };
		E81305E827E1E08B00E514FA /* SearchViewController.swift in Sources */ = {isa = PBXBuildFile; fileRef = E81305E727E1E08B00E514FA /* SearchViewController.swift */; };
		E81305EB27E1E08B00E514FA /* Main.storyboard in Resources */ = {isa = PBXBuildFile; fileRef = E81305E927E1E08B00E514FA /* Main.storyboard */; };
		E81305ED27E1E08D00E514FA /* Assets.xcassets in Resources */ = {isa = PBXBuildFile; fileRef = E81305EC27E1E08D00E514FA /* Assets.xcassets */; };
		E81305F027E1E08D00E514FA /* LaunchScreen.storyboard in Resources */ = {isa = PBXBuildFile; fileRef = E81305EE27E1E08D00E514FA /* LaunchScreen.storyboard */; };
		E81305FB27E1E08E00E514FA /* test_42raceTests.swift in Sources */ = {isa = PBXBuildFile; fileRef = E81305FA27E1E08E00E514FA /* test_42raceTests.swift */; };
		E813060527E1E08E00E514FA /* test_42raceUITests.swift in Sources */ = {isa = PBXBuildFile; fileRef = E813060427E1E08E00E514FA /* test_42raceUITests.swift */; };
		E813060727E1E08E00E514FA /* test_42raceUITestsLaunchTests.swift in Sources */ = {isa = PBXBuildFile; fileRef = E813060627E1E08E00E514FA /* test_42raceUITestsLaunchTests.swift */; };
		E87E53AFC13C7F94A184121C /* Pods_test_42race.framework in Frameworks */ = {isa = PBXBuildFile; fileRef = BE0633E731999093083A5250 /* Pods_test_42race.framework */; };
		E888BC2927E228C30016A5BC /* APIError.swift in Sources */ = {isa = PBXBuildFile; fileRef = E888BC2527E228C20016A5BC /* APIError.swift */; };
		E888BC2A27E228C30016A5BC /* JsonArrayEncoding.swift in Sources */ = {isa = PBXBuildFile; fileRef = E888BC2627E228C20016A5BC /* JsonArrayEncoding.swift */; };
		E888BC2B27E228C30016A5BC /* APIRequestRetrier.swift in Sources */ = {isa = PBXBuildFile; fileRef = E888BC2727E228C20016A5BC /* APIRequestRetrier.swift */; };
		E888BC2C27E228C30016A5BC /* BaseAPIManager.swift in Sources */ = {isa = PBXBuildFile; fileRef = E888BC2827E228C30016A5BC /* BaseAPIManager.swift */; };
		E888BC2F27E234C40016A5BC /* URLRequest+Extension.swift in Sources */ = {isa = PBXBuildFile; fileRef = E888BC2E27E234C40016A5BC /* URLRequest+Extension.swift */; };
		E888BC3127E237FA0016A5BC /* Codable+Extension.swift in Sources */ = {isa = PBXBuildFile; fileRef = E888BC3027E237FA0016A5BC /* Codable+Extension.swift */; };
		E888BC3427E239900016A5BC /* EmptyResponseModel.swift in Sources */ = {isa = PBXBuildFile; fileRef = E888BC3327E239900016A5BC /* EmptyResponseModel.swift */; };
		E888BC3627E328F80016A5BC /* SearchViewModel.swift in Sources */ = {isa = PBXBuildFile; fileRef = E888BC3527E328F80016A5BC /* SearchViewModel.swift */; };
		E888BC3927E3295D0016A5BC /* BaseViewModel.swift in Sources */ = {isa = PBXBuildFile; fileRef = E888BC3827E3295D0016A5BC /* BaseViewModel.swift */; };
		E888BC3B27E329A10016A5BC /* BaseViewController.swift in Sources */ = {isa = PBXBuildFile; fileRef = E888BC3A27E329A10016A5BC /* BaseViewController.swift */; };
		E888BC3D27E32A350016A5BC /* SearchCoordinator.swift in Sources */ = {isa = PBXBuildFile; fileRef = E888BC3C27E32A350016A5BC /* SearchCoordinator.swift */; };
		E888BC4327E32F800016A5BC /* BusinessTarget.swift in Sources */ = {isa = PBXBuildFile; fileRef = E888BC4227E32F800016A5BC /* BusinessTarget.swift */; };
		E888BC4527E48FE80016A5BC /* SearchRequestKey.swift in Sources */ = {isa = PBXBuildFile; fileRef = E888BC4427E48FE80016A5BC /* SearchRequestKey.swift */; };
		E888BC4A27E495170016A5BC /* BusinessAPIManager.swift in Sources */ = {isa = PBXBuildFile; fileRef = E888BC4927E495170016A5BC /* BusinessAPIManager.swift */; };
		E888BC4C27E495990016A5BC /* SearchResult.swift in Sources */ = {isa = PBXBuildFile; fileRef = E888BC4B27E495990016A5BC /* SearchResult.swift */; };
		E888BC5027E5C3130016A5BC /* LoadingView.swift in Sources */ = {isa = PBXBuildFile; fileRef = E888BC4F27E5C3120016A5BC /* LoadingView.swift */; };
		E89CF5AD27E5D68700C5E2E4 /* BusinessCell.swift in Sources */ = {isa = PBXBuildFile; fileRef = E89CF5AB27E5D68700C5E2E4 /* BusinessCell.swift */; };
		E89CF5AE27E5D68700C5E2E4 /* BusinessCell.xib in Resources */ = {isa = PBXBuildFile; fileRef = E89CF5AC27E5D68700C5E2E4 /* BusinessCell.xib */; };
		E89CF5B227E5FF9A00C5E2E4 /* BusinessDetail.swift in Sources */ = {isa = PBXBuildFile; fileRef = E89CF5B127E5FF9A00C5E2E4 /* BusinessDetail.swift */; };
		E89CF5B727E60D7400C5E2E4 /* FilterCollectionCell.swift in Sources */ = {isa = PBXBuildFile; fileRef = E89CF5B527E60D7400C5E2E4 /* FilterCollectionCell.swift */; };
		E89CF5B827E60D7400C5E2E4 /* FilterCollectionViewCell.xib in Resources */ = {isa = PBXBuildFile; fileRef = E89CF5B627E60D7400C5E2E4 /* FilterCollectionViewCell.xib */; };
		E8B8414B27E1F1C000FD3F6A /* R.generated.swift in Sources */ = {isa = PBXBuildFile; fileRef = E8B8414A27E1F1C000FD3F6A /* R.generated.swift */; };
		E8B8415727E1F31100FD3F6A /* RouterType.swift in Sources */ = {isa = PBXBuildFile; fileRef = E8B8415027E1F31000FD3F6A /* RouterType.swift */; };
		E8B8415827E1F31100FD3F6A /* NavigationRouter.swift in Sources */ = {isa = PBXBuildFile; fileRef = E8B8415127E1F31000FD3F6A /* NavigationRouter.swift */; };
		E8B8415927E1F31100FD3F6A /* Presentable.swift in Sources */ = {isa = PBXBuildFile; fileRef = E8B8415227E1F31000FD3F6A /* Presentable.swift */; };
		E8B8415A27E1F31100FD3F6A /* AppCoordinator.swift in Sources */ = {isa = PBXBuildFile; fileRef = E8B8415327E1F31100FD3F6A /* AppCoordinator.swift */; };
		E8B8415B27E1F31100FD3F6A /* Coordinator.swift in Sources */ = {isa = PBXBuildFile; fileRef = E8B8415427E1F31100FD3F6A /* Coordinator.swift */; };
		E8B8415D27E1F31100FD3F6A /* AppRouter.swift in Sources */ = {isa = PBXBuildFile; fileRef = E8B8415627E1F31100FD3F6A /* AppRouter.swift */; };
		E8B8416527E1F34700FD3F6A /* Session.swift in Sources */ = {isa = PBXBuildFile; fileRef = E8B8416027E1F34600FD3F6A /* Session.swift */; };
		E8B8416627E1F34700FD3F6A /* DataManager.swift in Sources */ = {isa = PBXBuildFile; fileRef = E8B8416127E1F34700FD3F6A /* DataManager.swift */; };
		E8B8416727E1F34700FD3F6A /* DeepLinks.swift in Sources */ = {isa = PBXBuildFile; fileRef = E8B8416227E1F34700FD3F6A /* DeepLinks.swift */; };
		E8B8416827E1F34700FD3F6A /* DefaultStorage.swift in Sources */ = {isa = PBXBuildFile; fileRef = E8B8416327E1F34700FD3F6A /* DefaultStorage.swift */; };
/* End PBXBuildFile section */

/* Begin PBXContainerItemProxy section */
		E81305F727E1E08E00E514FA /* PBXContainerItemProxy */ = {
			isa = PBXContainerItemProxy;
			containerPortal = E81305D827E1E08B00E514FA /* Project object */;
			proxyType = 1;
			remoteGlobalIDString = E81305DF27E1E08B00E514FA;
			remoteInfo = test_42race;
		};
		E813060127E1E08E00E514FA /* PBXContainerItemProxy */ = {
			isa = PBXContainerItemProxy;
			containerPortal = E81305D827E1E08B00E514FA /* Project object */;
			proxyType = 1;
			remoteGlobalIDString = E81305DF27E1E08B00E514FA;
			remoteInfo = test_42race;
		};
/* End PBXContainerItemProxy section */

/* Begin PBXFileReference section */
		4F4A81FFE6815EDFBDBEB861 /* Pods_test_42raceTests.framework */ = {isa = PBXFileReference; explicitFileType = wrapper.framework; includeInIndex = 0; path = Pods_test_42raceTests.framework; sourceTree = BUILT_PRODUCTS_DIR; };
		4FD6A1AA8D1424C6960DF46F /* Pods-test_42raceTests.release.xcconfig */ = {isa = PBXFileReference; includeInIndex = 1; lastKnownFileType = text.xcconfig; name = "Pods-test_42raceTests.release.xcconfig"; path = "Target Support Files/Pods-test_42raceTests/Pods-test_42raceTests.release.xcconfig"; sourceTree = "<group>"; };
		7C1841F986BB6AC04C69BC4B /* Pods-test_42race.debug.xcconfig */ = {isa = PBXFileReference; includeInIndex = 1; lastKnownFileType = text.xcconfig; name = "Pods-test_42race.debug.xcconfig"; path = "Target Support Files/Pods-test_42race/Pods-test_42race.debug.xcconfig"; sourceTree = "<group>"; };
		80C6873D4D2EC04A16A88F17 /* Pods-test_42race-test_42raceUITests.debug.xcconfig */ = {isa = PBXFileReference; includeInIndex = 1; lastKnownFileType = text.xcconfig; name = "Pods-test_42race-test_42raceUITests.debug.xcconfig"; path = "Target Support Files/Pods-test_42race-test_42raceUITests/Pods-test_42race-test_42raceUITests.debug.xcconfig"; sourceTree = "<group>"; };
		B4689962B1BD9E1438091738 /* Pods-test_42raceTests.debug.xcconfig */ = {isa = PBXFileReference; includeInIndex = 1; lastKnownFileType = text.xcconfig; name = "Pods-test_42raceTests.debug.xcconfig"; path = "Target Support Files/Pods-test_42raceTests/Pods-test_42raceTests.debug.xcconfig"; sourceTree = "<group>"; };
		BB1611E8146F487365330D6A /* Pods-test_42race-test_42raceUITests.release.xcconfig */ = {isa = PBXFileReference; includeInIndex = 1; lastKnownFileType = text.xcconfig; name = "Pods-test_42race-test_42raceUITests.release.xcconfig"; path = "Target Support Files/Pods-test_42race-test_42raceUITests/Pods-test_42race-test_42raceUITests.release.xcconfig"; sourceTree = "<group>"; };
		BE0633E731999093083A5250 /* Pods_test_42race.framework */ = {isa = PBXFileReference; explicitFileType = wrapper.framework; includeInIndex = 0; path = Pods_test_42race.framework; sourceTree = BUILT_PRODUCTS_DIR; };
		DDA802AF247FDD326B84CD55 /* Pods_test_42race_test_42raceUITests.framework */ = {isa = PBXFileReference; explicitFileType = wrapper.framework; includeInIndex = 0; path = Pods_test_42race_test_42raceUITests.framework; sourceTree = BUILT_PRODUCTS_DIR; };
		E27F01F1A39738DA2AD1B223 /* Pods-test_42race.release.xcconfig */ = {isa = PBXFileReference; includeInIndex = 1; lastKnownFileType = text.xcconfig; name = "Pods-test_42race.release.xcconfig"; path = "Target Support Files/Pods-test_42race/Pods-test_42race.release.xcconfig"; sourceTree = "<group>"; };
		E81305E027E1E08B00E514FA /* test_42race.app */ = {isa = PBXFileReference; explicitFileType = wrapper.application; includeInIndex = 0; path = test_42race.app; sourceTree = BUILT_PRODUCTS_DIR; };
		E81305E327E1E08B00E514FA /* AppDelegate.swift */ = {isa = PBXFileReference; lastKnownFileType = sourcecode.swift; path = AppDelegate.swift; sourceTree = "<group>"; };
		E81305E727E1E08B00E514FA /* SearchViewController.swift */ = {isa = PBXFileReference; lastKnownFileType = sourcecode.swift; path = SearchViewController.swift; sourceTree = "<group>"; };
		E81305EA27E1E08B00E514FA /* Base */ = {isa = PBXFileReference; lastKnownFileType = file.storyboard; name = Base; path = Base.lproj/Main.storyboard; sourceTree = "<group>"; };
		E81305EC27E1E08D00E514FA /* Assets.xcassets */ = {isa = PBXFileReference; lastKnownFileType = folder.assetcatalog; path = Assets.xcassets; sourceTree = "<group>"; };
		E81305EF27E1E08D00E514FA /* Base */ = {isa = PBXFileReference; lastKnownFileType = file.storyboard; name = Base; path = Base.lproj/LaunchScreen.storyboard; sourceTree = "<group>"; };
		E81305F127E1E08D00E514FA /* Info.plist */ = {isa = PBXFileReference; lastKnownFileType = text.plist.xml; path = Info.plist; sourceTree = "<group>"; };
		E81305F627E1E08E00E514FA /* test_42raceTests.xctest */ = {isa = PBXFileReference; explicitFileType = wrapper.cfbundle; includeInIndex = 0; path = test_42raceTests.xctest; sourceTree = BUILT_PRODUCTS_DIR; };
		E81305FA27E1E08E00E514FA /* test_42raceTests.swift */ = {isa = PBXFileReference; lastKnownFileType = sourcecode.swift; path = test_42raceTests.swift; sourceTree = "<group>"; };
		E813060027E1E08E00E514FA /* test_42raceUITests.xctest */ = {isa = PBXFileReference; explicitFileType = wrapper.cfbundle; includeInIndex = 0; path = test_42raceUITests.xctest; sourceTree = BUILT_PRODUCTS_DIR; };
		E813060427E1E08E00E514FA /* test_42raceUITests.swift */ = {isa = PBXFileReference; lastKnownFileType = sourcecode.swift; path = test_42raceUITests.swift; sourceTree = "<group>"; };
		E813060627E1E08E00E514FA /* test_42raceUITestsLaunchTests.swift */ = {isa = PBXFileReference; lastKnownFileType = sourcecode.swift; path = test_42raceUITestsLaunchTests.swift; sourceTree = "<group>"; };
		E888BC2527E228C20016A5BC /* APIError.swift */ = {isa = PBXFileReference; fileEncoding = 4; lastKnownFileType = sourcecode.swift; path = APIError.swift; sourceTree = "<group>"; };
		E888BC2627E228C20016A5BC /* JsonArrayEncoding.swift */ = {isa = PBXFileReference; fileEncoding = 4; lastKnownFileType = sourcecode.swift; path = JsonArrayEncoding.swift; sourceTree = "<group>"; };
		E888BC2727E228C20016A5BC /* APIRequestRetrier.swift */ = {isa = PBXFileReference; fileEncoding = 4; lastKnownFileType = sourcecode.swift; path = APIRequestRetrier.swift; sourceTree = "<group>"; };
		E888BC2827E228C30016A5BC /* BaseAPIManager.swift */ = {isa = PBXFileReference; fileEncoding = 4; lastKnownFileType = sourcecode.swift; path = BaseAPIManager.swift; sourceTree = "<group>"; };
		E888BC2E27E234C40016A5BC /* URLRequest+Extension.swift */ = {isa = PBXFileReference; lastKnownFileType = sourcecode.swift; path = "URLRequest+Extension.swift"; sourceTree = "<group>"; };
		E888BC3027E237FA0016A5BC /* Codable+Extension.swift */ = {isa = PBXFileReference; lastKnownFileType = sourcecode.swift; path = "Codable+Extension.swift"; sourceTree = "<group>"; };
		E888BC3327E239900016A5BC /* EmptyResponseModel.swift */ = {isa = PBXFileReference; lastKnownFileType = sourcecode.swift; path = EmptyResponseModel.swift; sourceTree = "<group>"; };
		E888BC3527E328F80016A5BC /* SearchViewModel.swift */ = {isa = PBXFileReference; lastKnownFileType = sourcecode.swift; path = SearchViewModel.swift; sourceTree = "<group>"; };
		E888BC3827E3295D0016A5BC /* BaseViewModel.swift */ = {isa = PBXFileReference; lastKnownFileType = sourcecode.swift; path = BaseViewModel.swift; sourceTree = "<group>"; };
		E888BC3A27E329A10016A5BC /* BaseViewController.swift */ = {isa = PBXFileReference; lastKnownFileType = sourcecode.swift; path = BaseViewController.swift; sourceTree = "<group>"; };
		E888BC3C27E32A350016A5BC /* SearchCoordinator.swift */ = {isa = PBXFileReference; lastKnownFileType = sourcecode.swift; path = SearchCoordinator.swift; sourceTree = "<group>"; };
		E888BC4227E32F800016A5BC /* BusinessTarget.swift */ = {isa = PBXFileReference; lastKnownFileType = sourcecode.swift; path = BusinessTarget.swift; sourceTree = "<group>"; };
		E888BC4427E48FE80016A5BC /* SearchRequestKey.swift */ = {isa = PBXFileReference; lastKnownFileType = sourcecode.swift; path = SearchRequestKey.swift; sourceTree = "<group>"; };
		E888BC4927E495170016A5BC /* BusinessAPIManager.swift */ = {isa = PBXFileReference; lastKnownFileType = sourcecode.swift; path = BusinessAPIManager.swift; sourceTree = "<group>"; };
		E888BC4B27E495990016A5BC /* SearchResult.swift */ = {isa = PBXFileReference; lastKnownFileType = sourcecode.swift; path = SearchResult.swift; sourceTree = "<group>"; };
		E888BC4F27E5C3120016A5BC /* LoadingView.swift */ = {isa = PBXFileReference; lastKnownFileType = sourcecode.swift; path = LoadingView.swift; sourceTree = "<group>"; };
		E89CF5AB27E5D68700C5E2E4 /* BusinessCell.swift */ = {isa = PBXFileReference; lastKnownFileType = sourcecode.swift; path = BusinessCell.swift; sourceTree = "<group>"; };
		E89CF5AC27E5D68700C5E2E4 /* BusinessCell.xib */ = {isa = PBXFileReference; lastKnownFileType = file.xib; path = BusinessCell.xib; sourceTree = "<group>"; };
		E89CF5B127E5FF9A00C5E2E4 /* BusinessDetail.swift */ = {isa = PBXFileReference; lastKnownFileType = sourcecode.swift; path = BusinessDetail.swift; sourceTree = "<group>"; };
		E89CF5B527E60D7400C5E2E4 /* FilterCollectionCell.swift */ = {isa = PBXFileReference; lastKnownFileType = sourcecode.swift; path = FilterCollectionCell.swift; sourceTree = "<group>"; };
		E89CF5B627E60D7400C5E2E4 /* FilterCollectionViewCell.xib */ = {isa = PBXFileReference; lastKnownFileType = file.xib; path = FilterCollectionViewCell.xib; sourceTree = "<group>"; };
		E8B8414A27E1F1C000FD3F6A /* R.generated.swift */ = {isa = PBXFileReference; fileEncoding = 4; lastKnownFileType = sourcecode.swift; path = R.generated.swift; sourceTree = "<group>"; };
		E8B8415027E1F31000FD3F6A /* RouterType.swift */ = {isa = PBXFileReference; fileEncoding = 4; lastKnownFileType = sourcecode.swift; path = RouterType.swift; sourceTree = "<group>"; };
		E8B8415127E1F31000FD3F6A /* NavigationRouter.swift */ = {isa = PBXFileReference; fileEncoding = 4; lastKnownFileType = sourcecode.swift; path = NavigationRouter.swift; sourceTree = "<group>"; };
		E8B8415227E1F31000FD3F6A /* Presentable.swift */ = {isa = PBXFileReference; fileEncoding = 4; lastKnownFileType = sourcecode.swift; path = Presentable.swift; sourceTree = "<group>"; };
		E8B8415327E1F31100FD3F6A /* AppCoordinator.swift */ = {isa = PBXFileReference; fileEncoding = 4; lastKnownFileType = sourcecode.swift; path = AppCoordinator.swift; sourceTree = "<group>"; };
		E8B8415427E1F31100FD3F6A /* Coordinator.swift */ = {isa = PBXFileReference; fileEncoding = 4; lastKnownFileType = sourcecode.swift; path = Coordinator.swift; sourceTree = "<group>"; };
		E8B8415627E1F31100FD3F6A /* AppRouter.swift */ = {isa = PBXFileReference; fileEncoding = 4; lastKnownFileType = sourcecode.swift; path = AppRouter.swift; sourceTree = "<group>"; };
		E8B8416027E1F34600FD3F6A /* Session.swift */ = {isa = PBXFileReference; fileEncoding = 4; lastKnownFileType = sourcecode.swift; path = Session.swift; sourceTree = "<group>"; };
		E8B8416127E1F34700FD3F6A /* DataManager.swift */ = {isa = PBXFileReference; fileEncoding = 4; lastKnownFileType = sourcecode.swift; path = DataManager.swift; sourceTree = "<group>"; };
		E8B8416227E1F34700FD3F6A /* DeepLinks.swift */ = {isa = PBXFileReference; fileEncoding = 4; lastKnownFileType = sourcecode.swift; path = DeepLinks.swift; sourceTree = "<group>"; };
		E8B8416327E1F34700FD3F6A /* DefaultStorage.swift */ = {isa = PBXFileReference; fileEncoding = 4; lastKnownFileType = sourcecode.swift; path = DefaultStorage.swift; sourceTree = "<group>"; };
/* End PBXFileReference section */

/* Begin PBXFrameworksBuildPhase section */
		E81305DD27E1E08B00E514FA /* Frameworks */ = {
			isa = PBXFrameworksBuildPhase;
			buildActionMask = 2147483647;
			files = (
				E87E53AFC13C7F94A184121C /* Pods_test_42race.framework in Frameworks */,
			);
			runOnlyForDeploymentPostprocessing = 0;
		};
		E81305F327E1E08E00E514FA /* Frameworks */ = {
			isa = PBXFrameworksBuildPhase;
			buildActionMask = 2147483647;
			files = (
				37C04A8B1EA7594B52ED0EE9 /* Pods_test_42raceTests.framework in Frameworks */,
			);
			runOnlyForDeploymentPostprocessing = 0;
		};
		E81305FD27E1E08E00E514FA /* Frameworks */ = {
			isa = PBXFrameworksBuildPhase;
			buildActionMask = 2147483647;
			files = (
				66AF3C9F20FBC0D98254F9BB /* Pods_test_42race_test_42raceUITests.framework in Frameworks */,
			);
			runOnlyForDeploymentPostprocessing = 0;
		};
/* End PBXFrameworksBuildPhase section */

/* Begin PBXGroup section */
		33C7C9D6C493BB5EBAF6446F /* Frameworks */ = {
			isa = PBXGroup;
			children = (
				BE0633E731999093083A5250 /* Pods_test_42race.framework */,
				DDA802AF247FDD326B84CD55 /* Pods_test_42race_test_42raceUITests.framework */,
				4F4A81FFE6815EDFBDBEB861 /* Pods_test_42raceTests.framework */,
			);
			name = Frameworks;
			sourceTree = "<group>";
		};
		B9F5D5C337B0C47871D4CFC2 /* Pods */ = {
			isa = PBXGroup;
			children = (
				7C1841F986BB6AC04C69BC4B /* Pods-test_42race.debug.xcconfig */,
				E27F01F1A39738DA2AD1B223 /* Pods-test_42race.release.xcconfig */,
				80C6873D4D2EC04A16A88F17 /* Pods-test_42race-test_42raceUITests.debug.xcconfig */,
				BB1611E8146F487365330D6A /* Pods-test_42race-test_42raceUITests.release.xcconfig */,
				B4689962B1BD9E1438091738 /* Pods-test_42raceTests.debug.xcconfig */,
				4FD6A1AA8D1424C6960DF46F /* Pods-test_42raceTests.release.xcconfig */,
			);
			path = Pods;
			sourceTree = "<group>";
		};
		E81305D727E1E08B00E514FA = {
			isa = PBXGroup;
			children = (
				E8B8414A27E1F1C000FD3F6A /* R.generated.swift */,
				E81305E227E1E08B00E514FA /* test_42race */,
				E81305F927E1E08E00E514FA /* test_42raceTests */,
				E813060327E1E08E00E514FA /* test_42raceUITests */,
				E81305E127E1E08B00E514FA /* Products */,
				B9F5D5C337B0C47871D4CFC2 /* Pods */,
				33C7C9D6C493BB5EBAF6446F /* Frameworks */,
			);
			sourceTree = "<group>";
		};
		E81305E127E1E08B00E514FA /* Products */ = {
			isa = PBXGroup;
			children = (
				E81305E027E1E08B00E514FA /* test_42race.app */,
				E81305F627E1E08E00E514FA /* test_42raceTests.xctest */,
				E813060027E1E08E00E514FA /* test_42raceUITests.xctest */,
			);
			name = Products;
			sourceTree = "<group>";
		};
		E81305E227E1E08B00E514FA /* test_42race */ = {
			isa = PBXGroup;
			children = (
				E888BC2D27E234A80016A5BC /* Extension */,
				E888BC2427E228880016A5BC /* Commons */,
				E8B8414F27E1F2F700FD3F6A /* Modules */,
				E8B8414D27E1F2E100FD3F6A /* Coordinator */,
				E8B8414E27E1F2EA00FD3F6A /* Session */,
				E8B8414C27E1F2B200FD3F6A /* Networks */,
				E81305E327E1E08B00E514FA /* AppDelegate.swift */,
				E81305E927E1E08B00E514FA /* Main.storyboard */,
				E81305EC27E1E08D00E514FA /* Assets.xcassets */,
				E81305EE27E1E08D00E514FA /* LaunchScreen.storyboard */,
				E81305F127E1E08D00E514FA /* Info.plist */,
			);
			path = test_42race;
			sourceTree = "<group>";
		};
		E81305F927E1E08E00E514FA /* test_42raceTests */ = {
			isa = PBXGroup;
			children = (
				E81305FA27E1E08E00E514FA /* test_42raceTests.swift */,
			);
			path = test_42raceTests;
			sourceTree = "<group>";
		};
		E813060327E1E08E00E514FA /* test_42raceUITests */ = {
			isa = PBXGroup;
			children = (
				E813060427E1E08E00E514FA /* test_42raceUITests.swift */,
				E813060627E1E08E00E514FA /* test_42raceUITestsLaunchTests.swift */,
			);
			path = test_42raceUITests;
			sourceTree = "<group>";
		};
		E888BC2427E228880016A5BC /* Commons */ = {
			isa = PBXGroup;
			children = (
				E888BC2527E228C20016A5BC /* APIError.swift */,
				E888BC2727E228C20016A5BC /* APIRequestRetrier.swift */,
				E888BC2827E228C30016A5BC /* BaseAPIManager.swift */,
				E888BC2627E228C20016A5BC /* JsonArrayEncoding.swift */,
			);
			path = Commons;
			sourceTree = "<group>";
		};
		E888BC2D27E234A80016A5BC /* Extension */ = {
			isa = PBXGroup;
			children = (
				E888BC2E27E234C40016A5BC /* URLRequest+Extension.swift */,
				E888BC3027E237FA0016A5BC /* Codable+Extension.swift */,
			);
			path = Extension;
			sourceTree = "<group>";
		};
		E888BC3227E2396D0016A5BC /* Responses */ = {
			isa = PBXGroup;
			children = (
				E888BC4B27E495990016A5BC /* SearchResult.swift */,
				E89CF5B127E5FF9A00C5E2E4 /* BusinessDetail.swift */,
			);
			path = Responses;
			sourceTree = "<group>";
		};
		E888BC3727E3290F0016A5BC /* Bases */ = {
			isa = PBXGroup;
			children = (
				E888BC3827E3295D0016A5BC /* BaseViewModel.swift */,
				E888BC3A27E329A10016A5BC /* BaseViewController.swift */,
			);
			path = Bases;
			sourceTree = "<group>";
		};
		E888BC3E27E32F120016A5BC /* Search */ = {
			isa = PBXGroup;
			children = (
				E89CF5A827E5D65800C5E2E4 /* Cells */,
				E81305E727E1E08B00E514FA /* SearchViewController.swift */,
				E888BC3527E328F80016A5BC /* SearchViewModel.swift */,
				E888BC3C27E32A350016A5BC /* SearchCoordinator.swift */,
			);
			path = Search;
			sourceTree = "<group>";
		};
		E888BC3F27E32F460016A5BC /* APIManagers */ = {
			isa = PBXGroup;
			children = (
				E888BC4127E32F560016A5BC /* Business */,
			);
			path = APIManagers;
			sourceTree = "<group>";
		};
		E888BC4027E32F4E0016A5BC /* Requests */ = {
			isa = PBXGroup;
			children = (
				E888BC4427E48FE80016A5BC /* SearchRequestKey.swift */,
			);
			path = Requests;
			sourceTree = "<group>";
		};
		E888BC4127E32F560016A5BC /* Business */ = {
			isa = PBXGroup;
			children = (
				E888BC4227E32F800016A5BC /* BusinessTarget.swift */,
				E888BC4927E495170016A5BC /* BusinessAPIManager.swift */,
			);
			path = Business;
			sourceTree = "<group>";
		};
		E888BC4627E4941E0016A5BC /* Models */ = {
			isa = PBXGroup;
			children = (
				E888BC4827E494630016A5BC /* Commons */,
				E888BC4727E4942E0016A5BC /* Business */,
			);
			path = Models;
			sourceTree = "<group>";
		};
		E888BC4727E4942E0016A5BC /* Business */ = {
			isa = PBXGroup;
			children = (
				E888BC4027E32F4E0016A5BC /* Requests */,
				E888BC3227E2396D0016A5BC /* Responses */,
			);
			path = Business;
			sourceTree = "<group>";
		};
		E888BC4827E494630016A5BC /* Commons */ = {
			isa = PBXGroup;
			children = (
				E888BC3327E239900016A5BC /* EmptyResponseModel.swift */,
			);
			path = Commons;
			sourceTree = "<group>";
		};
		E888BC4D27E5C2DD0016A5BC /* Customs */ = {
			isa = PBXGroup;
			children = (
				E888BC4E27E5C2E70016A5BC /* LoadingView */,
			);
			path = Customs;
			sourceTree = "<group>";
		};
		E888BC4E27E5C2E70016A5BC /* LoadingView */ = {
			isa = PBXGroup;
			children = (
				E888BC4F27E5C3120016A5BC /* LoadingView.swift */,
			);
			path = LoadingView;
			sourceTree = "<group>";
		};
		E89CF5A827E5D65800C5E2E4 /* Cells */ = {
			isa = PBXGroup;
			children = (
				E89CF5B427E60D5500C5E2E4 /* CollectionCell */,
				E89CF5B327E60D4800C5E2E4 /* BusinessCell */,
			);
			path = Cells;
			sourceTree = "<group>";
		};
		E89CF5B327E60D4800C5E2E4 /* BusinessCell */ = {
			isa = PBXGroup;
			children = (
				E89CF5AB27E5D68700C5E2E4 /* BusinessCell.swift */,
				E89CF5AC27E5D68700C5E2E4 /* BusinessCell.xib */,
			);
			path = BusinessCell;
			sourceTree = "<group>";
		};
		E89CF5B427E60D5500C5E2E4 /* CollectionCell */ = {
			isa = PBXGroup;
			children = (
				E89CF5B527E60D7400C5E2E4 /* FilterCollectionCell.swift */,
				E89CF5B627E60D7400C5E2E4 /* FilterCollectionViewCell.xib */,
			);
			path = CollectionCell;
			sourceTree = "<group>";
		};
		E8B8414C27E1F2B200FD3F6A /* Networks */ = {
			isa = PBXGroup;
			children = (
				E888BC4627E4941E0016A5BC /* Models */,
				E888BC3F27E32F460016A5BC /* APIManagers */,
			);
			path = Networks;
			sourceTree = "<group>";
		};
		E8B8414D27E1F2E100FD3F6A /* Coordinator */ = {
			isa = PBXGroup;
			children = (
				E8B8415327E1F31100FD3F6A /* AppCoordinator.swift */,
				E8B8415427E1F31100FD3F6A /* Coordinator.swift */,
				E8B8415227E1F31000FD3F6A /* Presentable.swift */,
				E8B8415E27E1F32000FD3F6A /* Routers */,
			);
			path = Coordinator;
			sourceTree = "<group>";
		};
		E8B8414E27E1F2EA00FD3F6A /* Session */ = {
			isa = PBXGroup;
			children = (
				E8B8416127E1F34700FD3F6A /* DataManager.swift */,
				E8B8416227E1F34700FD3F6A /* DeepLinks.swift */,
				E8B8416327E1F34700FD3F6A /* DefaultStorage.swift */,
				E8B8416027E1F34600FD3F6A /* Session.swift */,
			);
			path = Session;
			sourceTree = "<group>";
		};
		E8B8414F27E1F2F700FD3F6A /* Modules */ = {
			isa = PBXGroup;
			children = (
				E888BC4D27E5C2DD0016A5BC /* Customs */,
				E888BC3E27E32F120016A5BC /* Search */,
				E888BC3727E3290F0016A5BC /* Bases */,
			);
			path = Modules;
			sourceTree = "<group>";
		};
		E8B8415E27E1F32000FD3F6A /* Routers */ = {
			isa = PBXGroup;
			children = (
				E8B8415627E1F31100FD3F6A /* AppRouter.swift */,
				E8B8415127E1F31000FD3F6A /* NavigationRouter.swift */,
				E8B8415027E1F31000FD3F6A /* RouterType.swift */,
			);
			path = Routers;
			sourceTree = "<group>";
		};
/* End PBXGroup section */

/* Begin PBXNativeTarget section */
		E81305DF27E1E08B00E514FA /* test_42race */ = {
			isa = PBXNativeTarget;
			buildConfigurationList = E813060A27E1E08E00E514FA /* Build configuration list for PBXNativeTarget "test_42race" */;
			buildPhases = (
				5A45E5B4C38229680EAD5FE0 /* [CP] Check Pods Manifest.lock */,
				E8B8414927E1F0B800FD3F6A /* R Swift */,
				E81305DC27E1E08B00E514FA /* Sources */,
				E81305DD27E1E08B00E514FA /* Frameworks */,
				E81305DE27E1E08B00E514FA /* Resources */,
				D6AF0E4158CBF489D77A7DF7 /* [CP] Embed Pods Frameworks */,
			);
			buildRules = (
			);
			dependencies = (
			);
			name = test_42race;
			productName = test_42race;
			productReference = E81305E027E1E08B00E514FA /* test_42race.app */;
			productType = "com.apple.product-type.application";
		};
		E81305F527E1E08E00E514FA /* test_42raceTests */ = {
			isa = PBXNativeTarget;
			buildConfigurationList = E813060D27E1E08E00E514FA /* Build configuration list for PBXNativeTarget "test_42raceTests" */;
			buildPhases = (
				AFE0F5FC713A9EE1329FF14D /* [CP] Check Pods Manifest.lock */,
				E81305F227E1E08E00E514FA /* Sources */,
				E81305F327E1E08E00E514FA /* Frameworks */,
				E81305F427E1E08E00E514FA /* Resources */,
			);
			buildRules = (
			);
			dependencies = (
				E81305F827E1E08E00E514FA /* PBXTargetDependency */,
			);
			name = test_42raceTests;
			productName = test_42raceTests;
			productReference = E81305F627E1E08E00E514FA /* test_42raceTests.xctest */;
			productType = "com.apple.product-type.bundle.unit-test";
		};
		E81305FF27E1E08E00E514FA /* test_42raceUITests */ = {
			isa = PBXNativeTarget;
			buildConfigurationList = E813061027E1E08E00E514FA /* Build configuration list for PBXNativeTarget "test_42raceUITests" */;
			buildPhases = (
				96A1CDD66D6977824C24BD4E /* [CP] Check Pods Manifest.lock */,
				E81305FC27E1E08E00E514FA /* Sources */,
				E81305FD27E1E08E00E514FA /* Frameworks */,
				E81305FE27E1E08E00E514FA /* Resources */,
				3C55BD4EC70762CC1FA1A17F /* [CP] Embed Pods Frameworks */,
			);
			buildRules = (
			);
			dependencies = (
				E813060227E1E08E00E514FA /* PBXTargetDependency */,
			);
			name = test_42raceUITests;
			productName = test_42raceUITests;
			productReference = E813060027E1E08E00E514FA /* test_42raceUITests.xctest */;
			productType = "com.apple.product-type.bundle.ui-testing";
		};
/* End PBXNativeTarget section */

/* Begin PBXProject section */
		E81305D827E1E08B00E514FA /* Project object */ = {
			isa = PBXProject;
			attributes = {
				BuildIndependentTargetsInParallel = 1;
				LastSwiftUpdateCheck = 1320;
				LastUpgradeCheck = 1320;
				TargetAttributes = {
					E81305DF27E1E08B00E514FA = {
						CreatedOnToolsVersion = 13.2.1;
					};
					E81305F527E1E08E00E514FA = {
						CreatedOnToolsVersion = 13.2.1;
						TestTargetID = E81305DF27E1E08B00E514FA;
					};
					E81305FF27E1E08E00E514FA = {
						CreatedOnToolsVersion = 13.2.1;
						TestTargetID = E81305DF27E1E08B00E514FA;
					};
				};
			};
			buildConfigurationList = E81305DB27E1E08B00E514FA /* Build configuration list for PBXProject "test_42race" */;
			compatibilityVersion = "Xcode 13.0";
			developmentRegion = en;
			hasScannedForEncodings = 0;
			knownRegions = (
				en,
				Base,
			);
			mainGroup = E81305D727E1E08B00E514FA;
			productRefGroup = E81305E127E1E08B00E514FA /* Products */;
			projectDirPath = "";
			projectRoot = "";
			targets = (
				E81305DF27E1E08B00E514FA /* test_42race */,
				E81305F527E1E08E00E514FA /* test_42raceTests */,
				E81305FF27E1E08E00E514FA /* test_42raceUITests */,
			);
		};
/* End PBXProject section */

/* Begin PBXResourcesBuildPhase section */
		E81305DE27E1E08B00E514FA /* Resources */ = {
			isa = PBXResourcesBuildPhase;
			buildActionMask = 2147483647;
			files = (
				E81305F027E1E08D00E514FA /* LaunchScreen.storyboard in Resources */,
				E89CF5B827E60D7400C5E2E4 /* FilterCollectionViewCell.xib in Resources */,
				E89CF5AE27E5D68700C5E2E4 /* BusinessCell.xib in Resources */,
				E81305ED27E1E08D00E514FA /* Assets.xcassets in Resources */,
				E81305EB27E1E08B00E514FA /* Main.storyboard in Resources */,
			);
			runOnlyForDeploymentPostprocessing = 0;
		};
		E81305F427E1E08E00E514FA /* Resources */ = {
			isa = PBXResourcesBuildPhase;
			buildActionMask = 2147483647;
			files = (
			);
			runOnlyForDeploymentPostprocessing = 0;
		};
		E81305FE27E1E08E00E514FA /* Resources */ = {
			isa = PBXResourcesBuildPhase;
			buildActionMask = 2147483647;
			files = (
			);
			runOnlyForDeploymentPostprocessing = 0;
		};
/* End PBXResourcesBuildPhase section */

/* Begin PBXShellScriptBuildPhase section */
		3C55BD4EC70762CC1FA1A17F /* [CP] Embed Pods Frameworks */ = {
			isa = PBXShellScriptBuildPhase;
			buildActionMask = 2147483647;
			files = (
			);
			inputFileListPaths = (
				"${PODS_ROOT}/Target Support Files/Pods-test_42race-test_42raceUITests/Pods-test_42race-test_42raceUITests-frameworks-${CONFIGURATION}-input-files.xcfilelist",
			);
			name = "[CP] Embed Pods Frameworks";
			outputFileListPaths = (
				"${PODS_ROOT}/Target Support Files/Pods-test_42race-test_42raceUITests/Pods-test_42race-test_42raceUITests-frameworks-${CONFIGURATION}-output-files.xcfilelist",
			);
			runOnlyForDeploymentPostprocessing = 0;
			shellPath = /bin/sh;
			shellScript = "\"${PODS_ROOT}/Target Support Files/Pods-test_42race-test_42raceUITests/Pods-test_42race-test_42raceUITests-frameworks.sh\"\n";
			showEnvVarsInLog = 0;
		};
		5A45E5B4C38229680EAD5FE0 /* [CP] Check Pods Manifest.lock */ = {
			isa = PBXShellScriptBuildPhase;
			buildActionMask = 2147483647;
			files = (
			);
			inputFileListPaths = (
			);
			inputPaths = (
				"${PODS_PODFILE_DIR_PATH}/Podfile.lock",
				"${PODS_ROOT}/Manifest.lock",
			);
			name = "[CP] Check Pods Manifest.lock";
			outputFileListPaths = (
			);
			outputPaths = (
				"$(DERIVED_FILE_DIR)/Pods-test_42race-checkManifestLockResult.txt",
			);
			runOnlyForDeploymentPostprocessing = 0;
			shellPath = /bin/sh;
			shellScript = "diff \"${PODS_PODFILE_DIR_PATH}/Podfile.lock\" \"${PODS_ROOT}/Manifest.lock\" > /dev/null\nif [ $? != 0 ] ; then\n    # print error to STDERR\n    echo \"error: The sandbox is not in sync with the Podfile.lock. Run 'pod install' or update your CocoaPods installation.\" >&2\n    exit 1\nfi\n# This output is used by Xcode 'outputs' to avoid re-running this script phase.\necho \"SUCCESS\" > \"${SCRIPT_OUTPUT_FILE_0}\"\n";
			showEnvVarsInLog = 0;
		};
		96A1CDD66D6977824C24BD4E /* [CP] Check Pods Manifest.lock */ = {
			isa = PBXShellScriptBuildPhase;
			buildActionMask = 2147483647;
			files = (
			);
			inputFileListPaths = (
			);
			inputPaths = (
				"${PODS_PODFILE_DIR_PATH}/Podfile.lock",
				"${PODS_ROOT}/Manifest.lock",
			);
			name = "[CP] Check Pods Manifest.lock";
			outputFileListPaths = (
			);
			outputPaths = (
				"$(DERIVED_FILE_DIR)/Pods-test_42race-test_42raceUITests-checkManifestLockResult.txt",
			);
			runOnlyForDeploymentPostprocessing = 0;
			shellPath = /bin/sh;
			shellScript = "diff \"${PODS_PODFILE_DIR_PATH}/Podfile.lock\" \"${PODS_ROOT}/Manifest.lock\" > /dev/null\nif [ $? != 0 ] ; then\n    # print error to STDERR\n    echo \"error: The sandbox is not in sync with the Podfile.lock. Run 'pod install' or update your CocoaPods installation.\" >&2\n    exit 1\nfi\n# This output is used by Xcode 'outputs' to avoid re-running this script phase.\necho \"SUCCESS\" > \"${SCRIPT_OUTPUT_FILE_0}\"\n";
			showEnvVarsInLog = 0;
		};
		AFE0F5FC713A9EE1329FF14D /* [CP] Check Pods Manifest.lock */ = {
			isa = PBXShellScriptBuildPhase;
			buildActionMask = 2147483647;
			files = (
			);
			inputFileListPaths = (
			);
			inputPaths = (
				"${PODS_PODFILE_DIR_PATH}/Podfile.lock",
				"${PODS_ROOT}/Manifest.lock",
			);
			name = "[CP] Check Pods Manifest.lock";
			outputFileListPaths = (
			);
			outputPaths = (
				"$(DERIVED_FILE_DIR)/Pods-test_42raceTests-checkManifestLockResult.txt",
			);
			runOnlyForDeploymentPostprocessing = 0;
			shellPath = /bin/sh;
			shellScript = "diff \"${PODS_PODFILE_DIR_PATH}/Podfile.lock\" \"${PODS_ROOT}/Manifest.lock\" > /dev/null\nif [ $? != 0 ] ; then\n    # print error to STDERR\n    echo \"error: The sandbox is not in sync with the Podfile.lock. Run 'pod install' or update your CocoaPods installation.\" >&2\n    exit 1\nfi\n# This output is used by Xcode 'outputs' to avoid re-running this script phase.\necho \"SUCCESS\" > \"${SCRIPT_OUTPUT_FILE_0}\"\n";
			showEnvVarsInLog = 0;
		};
		D6AF0E4158CBF489D77A7DF7 /* [CP] Embed Pods Frameworks */ = {
			isa = PBXShellScriptBuildPhase;
			buildActionMask = 2147483647;
			files = (
			);
			inputFileListPaths = (
				"${PODS_ROOT}/Target Support Files/Pods-test_42race/Pods-test_42race-frameworks-${CONFIGURATION}-input-files.xcfilelist",
			);
			name = "[CP] Embed Pods Frameworks";
			outputFileListPaths = (
				"${PODS_ROOT}/Target Support Files/Pods-test_42race/Pods-test_42race-frameworks-${CONFIGURATION}-output-files.xcfilelist",
			);
			runOnlyForDeploymentPostprocessing = 0;
			shellPath = /bin/sh;
			shellScript = "\"${PODS_ROOT}/Target Support Files/Pods-test_42race/Pods-test_42race-frameworks.sh\"\n";
			showEnvVarsInLog = 0;
		};
		E8B8414927E1F0B800FD3F6A /* R Swift */ = {
			isa = PBXShellScriptBuildPhase;
			alwaysOutOfDate = 1;
			buildActionMask = 2147483647;
			files = (
			);
			inputFileListPaths = (
			);
			inputPaths = (
			);
			name = "R Swift";
			outputFileListPaths = (
			);
			outputPaths = (
				$SRCROOT/R.generated.swift,
			);
			runOnlyForDeploymentPostprocessing = 0;
			shellPath = /bin/sh;
			shellScript = "\"$PODS_ROOT/R.swift/rswift\" generate \"$SRCROOT/R.generated.swift\"\n";
		};
/* End PBXShellScriptBuildPhase section */

/* Begin PBXSourcesBuildPhase section */
		E81305DC27E1E08B00E514FA /* Sources */ = {
			isa = PBXSourcesBuildPhase;
			buildActionMask = 2147483647;
			files = (
				E8B8415B27E1F31100FD3F6A /* Coordinator.swift in Sources */,
				E888BC3927E3295D0016A5BC /* BaseViewModel.swift in Sources */,
				E888BC2A27E228C30016A5BC /* JsonArrayEncoding.swift in Sources */,
				E888BC3B27E329A10016A5BC /* BaseViewController.swift in Sources */,
				E888BC3D27E32A350016A5BC /* SearchCoordinator.swift in Sources */,
				E89CF5AD27E5D68700C5E2E4 /* BusinessCell.swift in Sources */,
				E89CF5B727E60D7400C5E2E4 /* FilterCollectionCell.swift in Sources */,
				E888BC2B27E228C30016A5BC /* APIRequestRetrier.swift in Sources */,
				E888BC3127E237FA0016A5BC /* Codable+Extension.swift in Sources */,
				E8B8416627E1F34700FD3F6A /* DataManager.swift in Sources */,
				E81305E827E1E08B00E514FA /* SearchViewController.swift in Sources */,
				E81305E427E1E08B00E514FA /* AppDelegate.swift in Sources */,
				E8B8415727E1F31100FD3F6A /* RouterType.swift in Sources */,
				E888BC4A27E495170016A5BC /* BusinessAPIManager.swift in Sources */,
				E888BC2F27E234C40016A5BC /* URLRequest+Extension.swift in Sources */,
				E89CF5B227E5FF9A00C5E2E4 /* BusinessDetail.swift in Sources */,
				E8B8415827E1F31100FD3F6A /* NavigationRouter.swift in Sources */,
				E8B8415D27E1F31100FD3F6A /* AppRouter.swift in Sources */,
				E8B8416727E1F34700FD3F6A /* DeepLinks.swift in Sources */,
				E888BC4527E48FE80016A5BC /* SearchRequestKey.swift in Sources */,
				E8B8414B27E1F1C000FD3F6A /* R.generated.swift in Sources */,
				E888BC2C27E228C30016A5BC /* BaseAPIManager.swift in Sources */,
				E888BC3427E239900016A5BC /* EmptyResponseModel.swift in Sources */,
				E888BC3627E328F80016A5BC /* SearchViewModel.swift in Sources */,
				E8B8416827E1F34700FD3F6A /* DefaultStorage.swift in Sources */,
				E8B8416527E1F34700FD3F6A /* Session.swift in Sources */,
				E888BC4327E32F800016A5BC /* BusinessTarget.swift in Sources */,
				E8B8415927E1F31100FD3F6A /* Presentable.swift in Sources */,
				E888BC5027E5C3130016A5BC /* LoadingView.swift in Sources */,
				E8B8415A27E1F31100FD3F6A /* AppCoordinator.swift in Sources */,
				E888BC4C27E495990016A5BC /* SearchResult.swift in Sources */,
				E888BC2927E228C30016A5BC /* APIError.swift in Sources */,
			);
			runOnlyForDeploymentPostprocessing = 0;
		};
		E81305F227E1E08E00E514FA /* Sources */ = {
			isa = PBXSourcesBuildPhase;
			buildActionMask = 2147483647;
			files = (
				E81305FB27E1E08E00E514FA /* test_42raceTests.swift in Sources */,
			);
			runOnlyForDeploymentPostprocessing = 0;
		};
		E81305FC27E1E08E00E514FA /* Sources */ = {
			isa = PBXSourcesBuildPhase;
			buildActionMask = 2147483647;
			files = (
				E813060527E1E08E00E514FA /* test_42raceUITests.swift in Sources */,
				E813060727E1E08E00E514FA /* test_42raceUITestsLaunchTests.swift in Sources */,
			);
			runOnlyForDeploymentPostprocessing = 0;
		};
/* End PBXSourcesBuildPhase section */

/* Begin PBXTargetDependency section */
		E81305F827E1E08E00E514FA /* PBXTargetDependency */ = {
			isa = PBXTargetDependency;
			target = E81305DF27E1E08B00E514FA /* test_42race */;
			targetProxy = E81305F727E1E08E00E514FA /* PBXContainerItemProxy */;
		};
		E813060227E1E08E00E514FA /* PBXTargetDependency */ = {
			isa = PBXTargetDependency;
			target = E81305DF27E1E08B00E514FA /* test_42race */;
			targetProxy = E813060127E1E08E00E514FA /* PBXContainerItemProxy */;
		};
/* End PBXTargetDependency section */

/* Begin PBXVariantGroup section */
		E81305E927E1E08B00E514FA /* Main.storyboard */ = {
			isa = PBXVariantGroup;
			children = (
				E81305EA27E1E08B00E514FA /* Base */,
			);
			name = Main.storyboard;
			sourceTree = "<group>";
		};
		E81305EE27E1E08D00E514FA /* LaunchScreen.storyboard */ = {
			isa = PBXVariantGroup;
			children = (
				E81305EF27E1E08D00E514FA /* Base */,
			);
			name = LaunchScreen.storyboard;
			sourceTree = "<group>";
		};
/* End PBXVariantGroup section */

/* Begin XCBuildConfiguration section */
		E813060827E1E08E00E514FA /* Debug */ = {
			isa = XCBuildConfiguration;
			buildSettings = {
				ALWAYS_SEARCH_USER_PATHS = NO;
				CLANG_ANALYZER_NONNULL = YES;
				CLANG_ANALYZER_NUMBER_OBJECT_CONVERSION = YES_AGGRESSIVE;
				CLANG_CXX_LANGUAGE_STANDARD = "gnu++17";
				CLANG_CXX_LIBRARY = "libc++";
				CLANG_ENABLE_MODULES = YES;
				CLANG_ENABLE_OBJC_ARC = YES;
				CLANG_ENABLE_OBJC_WEAK = YES;
				CLANG_WARN_BLOCK_CAPTURE_AUTORELEASING = YES;
				CLANG_WARN_BOOL_CONVERSION = YES;
				CLANG_WARN_COMMA = YES;
				CLANG_WARN_CONSTANT_CONVERSION = YES;
				CLANG_WARN_DEPRECATED_OBJC_IMPLEMENTATIONS = YES;
				CLANG_WARN_DIRECT_OBJC_ISA_USAGE = YES_ERROR;
				CLANG_WARN_DOCUMENTATION_COMMENTS = YES;
				CLANG_WARN_EMPTY_BODY = YES;
				CLANG_WARN_ENUM_CONVERSION = YES;
				CLANG_WARN_INFINITE_RECURSION = YES;
				CLANG_WARN_INT_CONVERSION = YES;
				CLANG_WARN_NON_LITERAL_NULL_CONVERSION = YES;
				CLANG_WARN_OBJC_IMPLICIT_RETAIN_SELF = YES;
				CLANG_WARN_OBJC_LITERAL_CONVERSION = YES;
				CLANG_WARN_OBJC_ROOT_CLASS = YES_ERROR;
				CLANG_WARN_QUOTED_INCLUDE_IN_FRAMEWORK_HEADER = YES;
				CLANG_WARN_RANGE_LOOP_ANALYSIS = YES;
				CLANG_WARN_STRICT_PROTOTYPES = YES;
				CLANG_WARN_SUSPICIOUS_MOVE = YES;
				CLANG_WARN_UNGUARDED_AVAILABILITY = YES_AGGRESSIVE;
				CLANG_WARN_UNREACHABLE_CODE = YES;
				CLANG_WARN__DUPLICATE_METHOD_MATCH = YES;
				COPY_PHASE_STRIP = NO;
				DEBUG_INFORMATION_FORMAT = dwarf;
				ENABLE_STRICT_OBJC_MSGSEND = YES;
				ENABLE_TESTABILITY = YES;
				GCC_C_LANGUAGE_STANDARD = gnu11;
				GCC_DYNAMIC_NO_PIC = NO;
				GCC_NO_COMMON_BLOCKS = YES;
				GCC_OPTIMIZATION_LEVEL = 0;
				GCC_PREPROCESSOR_DEFINITIONS = (
					"DEBUG=1",
					"$(inherited)",
				);
				GCC_WARN_64_TO_32_BIT_CONVERSION = YES;
				GCC_WARN_ABOUT_RETURN_TYPE = YES_ERROR;
				GCC_WARN_UNDECLARED_SELECTOR = YES;
				GCC_WARN_UNINITIALIZED_AUTOS = YES_AGGRESSIVE;
				GCC_WARN_UNUSED_FUNCTION = YES;
				GCC_WARN_UNUSED_VARIABLE = YES;
				IPHONEOS_DEPLOYMENT_TARGET = 15.2;
				MTL_ENABLE_DEBUG_INFO = INCLUDE_SOURCE;
				MTL_FAST_MATH = YES;
				ONLY_ACTIVE_ARCH = YES;
				SDKROOT = iphoneos;
				SWIFT_ACTIVE_COMPILATION_CONDITIONS = DEBUG;
				SWIFT_OPTIMIZATION_LEVEL = "-Onone";
			};
			name = Debug;
		};
		E813060927E1E08E00E514FA /* Release */ = {
			isa = XCBuildConfiguration;
			buildSettings = {
				ALWAYS_SEARCH_USER_PATHS = NO;
				CLANG_ANALYZER_NONNULL = YES;
				CLANG_ANALYZER_NUMBER_OBJECT_CONVERSION = YES_AGGRESSIVE;
				CLANG_CXX_LANGUAGE_STANDARD = "gnu++17";
				CLANG_CXX_LIBRARY = "libc++";
				CLANG_ENABLE_MODULES = YES;
				CLANG_ENABLE_OBJC_ARC = YES;
				CLANG_ENABLE_OBJC_WEAK = YES;
				CLANG_WARN_BLOCK_CAPTURE_AUTORELEASING = YES;
				CLANG_WARN_BOOL_CONVERSION = YES;
				CLANG_WARN_COMMA = YES;
				CLANG_WARN_CONSTANT_CONVERSION = YES;
				CLANG_WARN_DEPRECATED_OBJC_IMPLEMENTATIONS = YES;
				CLANG_WARN_DIRECT_OBJC_ISA_USAGE = YES_ERROR;
				CLANG_WARN_DOCUMENTATION_COMMENTS = YES;
				CLANG_WARN_EMPTY_BODY = YES;
				CLANG_WARN_ENUM_CONVERSION = YES;
				CLANG_WARN_INFINITE_RECURSION = YES;
				CLANG_WARN_INT_CONVERSION = YES;
				CLANG_WARN_NON_LITERAL_NULL_CONVERSION = YES;
				CLANG_WARN_OBJC_IMPLICIT_RETAIN_SELF = YES;
				CLANG_WARN_OBJC_LITERAL_CONVERSION = YES;
				CLANG_WARN_OBJC_ROOT_CLASS = YES_ERROR;
				CLANG_WARN_QUOTED_INCLUDE_IN_FRAMEWORK_HEADER = YES;
				CLANG_WARN_RANGE_LOOP_ANALYSIS = YES;
				CLANG_WARN_STRICT_PROTOTYPES = YES;
				CLANG_WARN_SUSPICIOUS_MOVE = YES;
				CLANG_WARN_UNGUARDED_AVAILABILITY = YES_AGGRESSIVE;
				CLANG_WARN_UNREACHABLE_CODE = YES;
				CLANG_WARN__DUPLICATE_METHOD_MATCH = YES;
				COPY_PHASE_STRIP = NO;
				DEBUG_INFORMATION_FORMAT = "dwarf-with-dsym";
				ENABLE_NS_ASSERTIONS = NO;
				ENABLE_STRICT_OBJC_MSGSEND = YES;
				GCC_C_LANGUAGE_STANDARD = gnu11;
				GCC_NO_COMMON_BLOCKS = YES;
				GCC_WARN_64_TO_32_BIT_CONVERSION = YES;
				GCC_WARN_ABOUT_RETURN_TYPE = YES_ERROR;
				GCC_WARN_UNDECLARED_SELECTOR = YES;
				GCC_WARN_UNINITIALIZED_AUTOS = YES_AGGRESSIVE;
				GCC_WARN_UNUSED_FUNCTION = YES;
				GCC_WARN_UNUSED_VARIABLE = YES;
				IPHONEOS_DEPLOYMENT_TARGET = 15.2;
				MTL_ENABLE_DEBUG_INFO = NO;
				MTL_FAST_MATH = YES;
				SDKROOT = iphoneos;
				SWIFT_COMPILATION_MODE = wholemodule;
				SWIFT_OPTIMIZATION_LEVEL = "-O";
				VALIDATE_PRODUCT = YES;
			};
			name = Release;
		};
		E813060B27E1E08E00E514FA /* Debug */ = {
			isa = XCBuildConfiguration;
			baseConfigurationReference = 7C1841F986BB6AC04C69BC4B /* Pods-test_42race.debug.xcconfig */;
			buildSettings = {
				ASSETCATALOG_COMPILER_APPICON_NAME = AppIcon;
				ASSETCATALOG_COMPILER_GLOBAL_ACCENT_COLOR_NAME = AccentColor;
				CODE_SIGN_STYLE = Automatic;
				CURRENT_PROJECT_VERSION = 1;
				DEVELOPMENT_TEAM = 6GUNTW5NZ3;
				GENERATE_INFOPLIST_FILE = YES;
				INFOPLIST_FILE = test_42race/Info.plist;
				INFOPLIST_KEY_UIApplicationSupportsIndirectInputEvents = YES;
				INFOPLIST_KEY_UILaunchStoryboardName = LaunchScreen;
				INFOPLIST_KEY_UIMainStoryboardFile = Main;
				INFOPLIST_KEY_UISupportedInterfaceOrientations_iPad = "UIInterfaceOrientationPortrait UIInterfaceOrientationPortraitUpsideDown UIInterfaceOrientationLandscapeLeft UIInterfaceOrientationLandscapeRight";
				INFOPLIST_KEY_UISupportedInterfaceOrientations_iPhone = "UIInterfaceOrientationPortrait UIInterfaceOrientationLandscapeLeft UIInterfaceOrientationLandscapeRight";
				IPHONEOS_DEPLOYMENT_TARGET = 12.0;
				LD_RUNPATH_SEARCH_PATHS = (
					"$(inherited)",
					"@executable_path/Frameworks",
				);
				MARKETING_VERSION = 1.0;
				PRODUCT_BUNDLE_IDENTIFIER = "thienhuynh.test-42race";
				PRODUCT_NAME = "$(TARGET_NAME)";
				SWIFT_EMIT_LOC_STRINGS = YES;
				SWIFT_VERSION = 5.0;
				TARGETED_DEVICE_FAMILY = "1,2";
			};
			name = Debug;
		};
		E813060C27E1E08E00E514FA /* Release */ = {
			isa = XCBuildConfiguration;
			baseConfigurationReference = E27F01F1A39738DA2AD1B223 /* Pods-test_42race.release.xcconfig */;
			buildSettings = {
				ASSETCATALOG_COMPILER_APPICON_NAME = AppIcon;
				ASSETCATALOG_COMPILER_GLOBAL_ACCENT_COLOR_NAME = AccentColor;
				CODE_SIGN_STYLE = Automatic;
				CURRENT_PROJECT_VERSION = 1;
				DEVELOPMENT_TEAM = 6GUNTW5NZ3;
				GENERATE_INFOPLIST_FILE = YES;
				INFOPLIST_FILE = test_42race/Info.plist;
				INFOPLIST_KEY_UIApplicationSupportsIndirectInputEvents = YES;
				INFOPLIST_KEY_UILaunchStoryboardName = LaunchScreen;
				INFOPLIST_KEY_UIMainStoryboardFile = Main;
				INFOPLIST_KEY_UISupportedInterfaceOrientations_iPad = "UIInterfaceOrientationPortrait UIInterfaceOrientationPortraitUpsideDown UIInterfaceOrientationLandscapeLeft UIInterfaceOrientationLandscapeRight";
				INFOPLIST_KEY_UISupportedInterfaceOrientations_iPhone = "UIInterfaceOrientationPortrait UIInterfaceOrientationLandscapeLeft UIInterfaceOrientationLandscapeRight";
				IPHONEOS_DEPLOYMENT_TARGET = 12.0;
				LD_RUNPATH_SEARCH_PATHS = (
					"$(inherited)",
					"@executable_path/Frameworks",
				);
				MARKETING_VERSION = 1.0;
				PRODUCT_BUNDLE_IDENTIFIER = "thienhuynh.test-42race";
				PRODUCT_NAME = "$(TARGET_NAME)";
				SWIFT_EMIT_LOC_STRINGS = YES;
				SWIFT_VERSION = 5.0;
				TARGETED_DEVICE_FAMILY = "1,2";
			};
			name = Release;
		};
		E813060E27E1E08E00E514FA /* Debug */ = {
			isa = XCBuildConfiguration;
			baseConfigurationReference = B4689962B1BD9E1438091738 /* Pods-test_42raceTests.debug.xcconfig */;
			buildSettings = {
				ALWAYS_EMBED_SWIFT_STANDARD_LIBRARIES = YES;
				BUNDLE_LOADER = "$(TEST_HOST)";
				CODE_SIGN_STYLE = Automatic;
				CURRENT_PROJECT_VERSION = 1;
				DEVELOPMENT_TEAM = 6GUNTW5NZ3;
				GENERATE_INFOPLIST_FILE = YES;
				IPHONEOS_DEPLOYMENT_TARGET = 15.2;
				MARKETING_VERSION = 1.0;
				PRODUCT_BUNDLE_IDENTIFIER = "thienhuynh.test-42raceTests";
				PRODUCT_NAME = "$(TARGET_NAME)";
				SWIFT_EMIT_LOC_STRINGS = NO;
				SWIFT_VERSION = 5.0;
				TARGETED_DEVICE_FAMILY = "1,2";
				TEST_HOST = "$(BUILT_PRODUCTS_DIR)/test_42race.app/test_42race";
			};
			name = Debug;
		};
		E813060F27E1E08E00E514FA /* Release */ = {
			isa = XCBuildConfiguration;
			baseConfigurationReference = 4FD6A1AA8D1424C6960DF46F /* Pods-test_42raceTests.release.xcconfig */;
			buildSettings = {
				ALWAYS_EMBED_SWIFT_STANDARD_LIBRARIES = YES;
				BUNDLE_LOADER = "$(TEST_HOST)";
				CODE_SIGN_STYLE = Automatic;
				CURRENT_PROJECT_VERSION = 1;
				DEVELOPMENT_TEAM = 6GUNTW5NZ3;
				GENERATE_INFOPLIST_FILE = YES;
				IPHONEOS_DEPLOYMENT_TARGET = 15.2;
				MARKETING_VERSION = 1.0;
				PRODUCT_BUNDLE_IDENTIFIER = "thienhuynh.test-42raceTests";
				PRODUCT_NAME = "$(TARGET_NAME)";
				SWIFT_EMIT_LOC_STRINGS = NO;
				SWIFT_VERSION = 5.0;
				TARGETED_DEVICE_FAMILY = "1,2";
				TEST_HOST = "$(BUILT_PRODUCTS_DIR)/test_42race.app/test_42race";
			};
			name = Release;
		};
		E813061127E1E08E00E514FA /* Debug */ = {
			isa = XCBuildConfiguration;
			baseConfigurationReference = 80C6873D4D2EC04A16A88F17 /* Pods-test_42race-test_42raceUITests.debug.xcconfig */;
			buildSettings = {
				ALWAYS_EMBED_SWIFT_STANDARD_LIBRARIES = YES;
				CODE_SIGN_STYLE = Automatic;
				CURRENT_PROJECT_VERSION = 1;
				DEVELOPMENT_TEAM = 6GUNTW5NZ3;
				GENERATE_INFOPLIST_FILE = YES;
				MARKETING_VERSION = 1.0;
				PRODUCT_BUNDLE_IDENTIFIER = "thienhuynh.test-42raceUITests";
				PRODUCT_NAME = "$(TARGET_NAME)";
				SWIFT_EMIT_LOC_STRINGS = NO;
				SWIFT_VERSION = 5.0;
				TARGETED_DEVICE_FAMILY = "1,2";
				TEST_TARGET_NAME = test_42race;
			};
			name = Debug;
		};
		E813061227E1E08E00E514FA /* Release */ = {
			isa = XCBuildConfiguration;
			baseConfigurationReference = BB1611E8146F487365330D6A /* Pods-test_42race-test_42raceUITests.release.xcconfig */;
			buildSettings = {
				ALWAYS_EMBED_SWIFT_STANDARD_LIBRARIES = YES;
				CODE_SIGN_STYLE = Automatic;
				CURRENT_PROJECT_VERSION = 1;
				DEVELOPMENT_TEAM = 6GUNTW5NZ3;
				GENERATE_INFOPLIST_FILE = YES;
				MARKETING_VERSION = 1.0;
				PRODUCT_BUNDLE_IDENTIFIER = "thienhuynh.test-42raceUITests";
				PRODUCT_NAME = "$(TARGET_NAME)";
				SWIFT_EMIT_LOC_STRINGS = NO;
				SWIFT_VERSION = 5.0;
				TARGETED_DEVICE_FAMILY = "1,2";
				TEST_TARGET_NAME = test_42race;
			};
			name = Release;
		};
/* End XCBuildConfiguration section */

/* Begin XCConfigurationList section */
		E81305DB27E1E08B00E514FA /* Build configuration list for PBXProject "test_42race" */ = {
			isa = XCConfigurationList;
			buildConfigurations = (
				E813060827E1E08E00E514FA /* Debug */,
				E813060927E1E08E00E514FA /* Release */,
			);
			defaultConfigurationIsVisible = 0;
			defaultConfigurationName = Release;
		};
		E813060A27E1E08E00E514FA /* Build configuration list for PBXNativeTarget "test_42race" */ = {
			isa = XCConfigurationList;
			buildConfigurations = (
				E813060B27E1E08E00E514FA /* Debug */,
				E813060C27E1E08E00E514FA /* Release */,
			);
			defaultConfigurationIsVisible = 0;
			defaultConfigurationName = Release;
		};
		E813060D27E1E08E00E514FA /* Build configuration list for PBXNativeTarget "test_42raceTests" */ = {
			isa = XCConfigurationList;
			buildConfigurations = (
				E813060E27E1E08E00E514FA /* Debug */,
				E813060F27E1E08E00E514FA /* Release */,
			);
			defaultConfigurationIsVisible = 0;
			defaultConfigurationName = Release;
		};
		E813061027E1E08E00E514FA /* Build configuration list for PBXNativeTarget "test_42raceUITests" */ = {
			isa = XCConfigurationList;
			buildConfigurations = (
				E813061127E1E08E00E514FA /* Debug */,
				E813061227E1E08E00E514FA /* Release */,
			);
			defaultConfigurationIsVisible = 0;
			defaultConfigurationName = Release;
		};
/* End XCConfigurationList section */
	};
	rootObject = E81305D827E1E08B00E514FA /* Project object */;
}
